// !$*UTF8*$!
{
	archiveVersion = 1;
	classes = {
	};
	objectVersion = 46;
	objects = {

/* Begin PBXBuildFile section */
		38742A691CFC7C43000827ED /* JKOriginalNumberAdder.swift in Sources */ = {isa = PBXBuildFile; fileRef = 38742A681CFC7C43000827ED /* JKOriginalNumberAdder.swift */; };
		38A96EC51CFBA35C00F575B8 /* JKiOSFramework.framework in Frameworks */ = {isa = PBXBuildFile; fileRef = 38A96EBA1CFBA35C00F575B8 /* JKiOSFramework.framework */; };
		38A96ECA1CFBA35C00F575B8 /* JKiOSFrameworkTests.swift in Sources */ = {isa = PBXBuildFile; fileRef = 38A96EC91CFBA35C00F575B8 /* JKiOSFrameworkTests.swift */; };
		38A96ED81CFBA87000F575B8 /* JKiOSFramework.h in Headers */ = {isa = PBXBuildFile; fileRef = 38A96ED71CFBA87000F575B8 /* JKiOSFramework.h */; settings = {ATTRIBUTES = (Public, ); }; };
		6CE7E039C24D812DA17D062B /* Pods_JKiOSFramework.framework in Frameworks */ = {isa = PBXBuildFile; fileRef = BF96ACBB2A0B70A7670F78D3 /* Pods_JKiOSFramework.framework */; };
/* End PBXBuildFile section */

/* Begin PBXContainerItemProxy section */
		38A96EC61CFBA35C00F575B8 /* PBXContainerItemProxy */ = {
			isa = PBXContainerItemProxy;
			containerPortal = 38A96EB11CFBA35C00F575B8 /* Project object */;
			proxyType = 1;
			remoteGlobalIDString = 38A96EB91CFBA35C00F575B8;
			remoteInfo = JKiOSFramework;
		};
/* End PBXContainerItemProxy section */

/* Begin PBXFileReference section */
		38742A681CFC7C43000827ED /* JKOriginalNumberAdder.swift */ = {isa = PBXFileReference; fileEncoding = 4; lastKnownFileType = sourcecode.swift; path = JKOriginalNumberAdder.swift; sourceTree = "<group>"; };
		38A96EBA1CFBA35C00F575B8 /* JKiOSFramework.framework */ = {isa = PBXFileReference; explicitFileType = wrapper.framework; includeInIndex = 0; path = JKiOSFramework.framework; sourceTree = BUILT_PRODUCTS_DIR; };
		38A96EBF1CFBA35C00F575B8 /* Info.plist */ = {isa = PBXFileReference; lastKnownFileType = text.plist.xml; path = Info.plist; sourceTree = "<group>"; };
		38A96EC41CFBA35C00F575B8 /* JKiOSFrameworkTests.xctest */ = {isa = PBXFileReference; explicitFileType = wrapper.cfbundle; includeInIndex = 0; path = JKiOSFrameworkTests.xctest; sourceTree = BUILT_PRODUCTS_DIR; };
		38A96EC91CFBA35C00F575B8 /* JKiOSFrameworkTests.swift */ = {isa = PBXFileReference; lastKnownFileType = sourcecode.swift; path = JKiOSFrameworkTests.swift; sourceTree = "<group>"; };
		38A96ECB1CFBA35C00F575B8 /* Info.plist */ = {isa = PBXFileReference; lastKnownFileType = text.plist.xml; path = Info.plist; sourceTree = "<group>"; };
		38A96ED71CFBA87000F575B8 /* JKiOSFramework.h */ = {isa = PBXFileReference; fileEncoding = 4; lastKnownFileType = sourcecode.c.h; path = JKiOSFramework.h; sourceTree = "<group>"; };
		816D1D06A2059F6ED3F402F3 /* Pods-JKiOSFramework.release.xcconfig */ = {isa = PBXFileReference; includeInIndex = 1; lastKnownFileType = text.xcconfig; name = "Pods-JKiOSFramework.release.xcconfig"; path = "Pods/Target Support Files/Pods-JKiOSFramework/Pods-JKiOSFramework.release.xcconfig"; sourceTree = "<group>"; };
		894314318BF3B2DCE17BDAEB /* Pods-JKiOSFramework.debug.xcconfig */ = {isa = PBXFileReference; includeInIndex = 1; lastKnownFileType = text.xcconfig; name = "Pods-JKiOSFramework.debug.xcconfig"; path = "Pods/Target Support Files/Pods-JKiOSFramework/Pods-JKiOSFramework.debug.xcconfig"; sourceTree = "<group>"; };
		BF96ACBB2A0B70A7670F78D3 /* Pods_JKiOSFramework.framework */ = {isa = PBXFileReference; explicitFileType = wrapper.framework; includeInIndex = 0; path = Pods_JKiOSFramework.framework; sourceTree = BUILT_PRODUCTS_DIR; };
/* End PBXFileReference section */

/* Begin PBXFrameworksBuildPhase section */
		38A96EB61CFBA35C00F575B8 /* Frameworks */ = {
			isa = PBXFrameworksBuildPhase;
			buildActionMask = 2147483647;
			files = (
				6CE7E039C24D812DA17D062B /* Pods_JKiOSFramework.framework in Frameworks */,
			);
			runOnlyForDeploymentPostprocessing = 0;
		};
		38A96EC11CFBA35C00F575B8 /* Frameworks */ = {
			isa = PBXFrameworksBuildPhase;
			buildActionMask = 2147483647;
			files = (
				38A96EC51CFBA35C00F575B8 /* JKiOSFramework.framework in Frameworks */,
			);
			runOnlyForDeploymentPostprocessing = 0;
		};
/* End PBXFrameworksBuildPhase section */

/* Begin PBXGroup section */
		38A96EB01CFBA35C00F575B8 = {
			isa = PBXGroup;
			children = (
				38A96EBC1CFBA35C00F575B8 /* JKiOSFramework */,
				38A96EC81CFBA35C00F575B8 /* JKiOSFrameworkTests */,
				38A96EBB1CFBA35C00F575B8 /* Products */,
				CF92303DB052BC795AFC0510 /* Pods */,
				E4CCCF08956BCDFA48E4FE1B /* Frameworks */,
			);
			sourceTree = "<group>";
		};
		38A96EBB1CFBA35C00F575B8 /* Products */ = {
			isa = PBXGroup;
			children = (
				38A96EBA1CFBA35C00F575B8 /* JKiOSFramework.framework */,
				38A96EC41CFBA35C00F575B8 /* JKiOSFrameworkTests.xctest */,
			);
			name = Products;
			sourceTree = "<group>";
		};
		38A96EBC1CFBA35C00F575B8 /* JKiOSFramework */ = {
			isa = PBXGroup;
			children = (
				38A96ED41CFBA81800F575B8 /* JKiOSFramework */,
				38A96EBF1CFBA35C00F575B8 /* Info.plist */,
			);
			path = JKiOSFramework;
			sourceTree = "<group>";
		};
		38A96EC81CFBA35C00F575B8 /* JKiOSFrameworkTests */ = {
			isa = PBXGroup;
			children = (
				38A96EC91CFBA35C00F575B8 /* JKiOSFrameworkTests.swift */,
				38A96ECB1CFBA35C00F575B8 /* Info.plist */,
			);
			path = JKiOSFrameworkTests;
			sourceTree = "<group>";
		};
		38A96ED41CFBA81800F575B8 /* JKiOSFramework */ = {
			isa = PBXGroup;
			children = (
				38A96ED71CFBA87000F575B8 /* JKiOSFramework.h */,
				38742A681CFC7C43000827ED /* JKOriginalNumberAdder.swift */,
			);
			name = JKiOSFramework;
			sourceTree = "<group>";
		};
		CF92303DB052BC795AFC0510 /* Pods */ = {
			isa = PBXGroup;
			children = (
				894314318BF3B2DCE17BDAEB /* Pods-JKiOSFramework.debug.xcconfig */,
				816D1D06A2059F6ED3F402F3 /* Pods-JKiOSFramework.release.xcconfig */,
			);
			name = Pods;
			sourceTree = "<group>";
		};
		E4CCCF08956BCDFA48E4FE1B /* Frameworks */ = {
			isa = PBXGroup;
			children = (
				BF96ACBB2A0B70A7670F78D3 /* Pods_JKiOSFramework.framework */,
			);
			name = Frameworks;
			sourceTree = "<group>";
		};
/* End PBXGroup section */

/* Begin PBXHeadersBuildPhase section */
		38A96EB71CFBA35C00F575B8 /* Headers */ = {
			isa = PBXHeadersBuildPhase;
			buildActionMask = 2147483647;
			files = (
				38A96ED81CFBA87000F575B8 /* JKiOSFramework.h in Headers */,
			);
			runOnlyForDeploymentPostprocessing = 0;
		};
/* End PBXHeadersBuildPhase section */

/* Begin PBXNativeTarget section */
		38A96EB91CFBA35C00F575B8 /* JKiOSFramework */ = {
			isa = PBXNativeTarget;
			buildConfigurationList = 38A96ECE1CFBA35C00F575B8 /* Build configuration list for PBXNativeTarget "JKiOSFramework" */;
			buildPhases = (
				7D611B08373AECF7F892EB41 /* 📦 Check Pods Manifest.lock */,
				38A96EB51CFBA35C00F575B8 /* Sources */,
				38A96EB61CFBA35C00F575B8 /* Frameworks */,
				38A96EB71CFBA35C00F575B8 /* Headers */,
				38A96EB81CFBA35C00F575B8 /* Resources */,
				F1066ED7E13FCEBE68FB5891 /* 📦 Copy Pods Resources */,
			);
			buildRules = (
			);
			dependencies = (
			);
			name = JKiOSFramework;
			productName = JKiOSFramework;
			productReference = 38A96EBA1CFBA35C00F575B8 /* JKiOSFramework.framework */;
			productType = "com.apple.product-type.framework";
		};
		38A96EC31CFBA35C00F575B8 /* JKiOSFrameworkTests */ = {
			isa = PBXNativeTarget;
			buildConfigurationList = 38A96ED11CFBA35C00F575B8 /* Build configuration list for PBXNativeTarget "JKiOSFrameworkTests" */;
			buildPhases = (
				38A96EC01CFBA35C00F575B8 /* Sources */,
				38A96EC11CFBA35C00F575B8 /* Frameworks */,
				38A96EC21CFBA35C00F575B8 /* Resources */,
			);
			buildRules = (
			);
			dependencies = (
				38A96EC71CFBA35C00F575B8 /* PBXTargetDependency */,
			);
			name = JKiOSFrameworkTests;
			productName = JKiOSFrameworkTests;
			productReference = 38A96EC41CFBA35C00F575B8 /* JKiOSFrameworkTests.xctest */;
			productType = "com.apple.product-type.bundle.unit-test";
		};
/* End PBXNativeTarget section */

/* Begin PBXProject section */
		38A96EB11CFBA35C00F575B8 /* Project object */ = {
			isa = PBXProject;
			attributes = {
				LastSwiftUpdateCheck = 0730;
				LastUpgradeCheck = 0730;
				ORGANIZATIONNAME = "Jayesh Kawli Backup";
				TargetAttributes = {
					38A96EB91CFBA35C00F575B8 = {
						CreatedOnToolsVersion = 7.3.1;
					};
					38A96EC31CFBA35C00F575B8 = {
						CreatedOnToolsVersion = 7.3.1;
					};
				};
			};
			buildConfigurationList = 38A96EB41CFBA35C00F575B8 /* Build configuration list for PBXProject "JKiOSFramework" */;
			compatibilityVersion = "Xcode 3.2";
			developmentRegion = English;
			hasScannedForEncodings = 0;
			knownRegions = (
				en,
			);
			mainGroup = 38A96EB01CFBA35C00F575B8;
			productRefGroup = 38A96EBB1CFBA35C00F575B8 /* Products */;
			projectDirPath = "";
			projectRoot = "";
			targets = (
				38A96EB91CFBA35C00F575B8 /* JKiOSFramework */,
				38A96EC31CFBA35C00F575B8 /* JKiOSFrameworkTests */,
			);
		};
/* End PBXProject section */

/* Begin PBXResourcesBuildPhase section */
		38A96EB81CFBA35C00F575B8 /* Resources */ = {
			isa = PBXResourcesBuildPhase;
			buildActionMask = 2147483647;
			files = (
			);
			runOnlyForDeploymentPostprocessing = 0;
		};
		38A96EC21CFBA35C00F575B8 /* Resources */ = {
			isa = PBXResourcesBuildPhase;
			buildActionMask = 2147483647;
			files = (
			);
			runOnlyForDeploymentPostprocessing = 0;
		};
/* End PBXResourcesBuildPhase section */

/* Begin PBXShellScriptBuildPhase section */
		7D611B08373AECF7F892EB41 /* 📦 Check Pods Manifest.lock */ = {
			isa = PBXShellScriptBuildPhase;
			buildActionMask = 2147483647;
			files = (
			);
			inputPaths = (
			);
			name = "📦 Check Pods Manifest.lock";
			outputPaths = (
			);
			runOnlyForDeploymentPostprocessing = 0;
			shellPath = /bin/sh;
			shellScript = "diff \"${PODS_ROOT}/../Podfile.lock\" \"${PODS_ROOT}/Manifest.lock\" > /dev/null\nif [[ $? != 0 ]] ; then\n    cat << EOM\nerror: The sandbox is not in sync with the Podfile.lock. Run 'pod install' or update your CocoaPods installation.\nEOM\n    exit 1\nfi\n";
			showEnvVarsInLog = 0;
		};
		F1066ED7E13FCEBE68FB5891 /* 📦 Copy Pods Resources */ = {
			isa = PBXShellScriptBuildPhase;
			buildActionMask = 2147483647;
			files = (
			);
			inputPaths = (
			);
			name = "📦 Copy Pods Resources";
			outputPaths = (
			);
			runOnlyForDeploymentPostprocessing = 0;
			shellPath = /bin/sh;
			shellScript = "\"${SRCROOT}/Pods/Target Support Files/Pods-JKiOSFramework/Pods-JKiOSFramework-resources.sh\"\n";
			showEnvVarsInLog = 0;
		};
/* End PBXShellScriptBuildPhase section */

/* Begin PBXSourcesBuildPhase section */
		38A96EB51CFBA35C00F575B8 /* Sources */ = {
			isa = PBXSourcesBuildPhase;
			buildActionMask = 2147483647;
			files = (
				38742A691CFC7C43000827ED /* JKOriginalNumberAdder.swift in Sources */,
			);
			runOnlyForDeploymentPostprocessing = 0;
		};
		38A96EC01CFBA35C00F575B8 /* Sources */ = {
			isa = PBXSourcesBuildPhase;
			buildActionMask = 2147483647;
			files = (
				38A96ECA1CFBA35C00F575B8 /* JKiOSFrameworkTests.swift in Sources */,
			);
			runOnlyForDeploymentPostprocessing = 0;
		};
/* End PBXSourcesBuildPhase section */

/* Begin PBXTargetDependency section */
		38A96EC71CFBA35C00F575B8 /* PBXTargetDependency */ = {
			isa = PBXTargetDependency;
			target = 38A96EB91CFBA35C00F575B8 /* JKiOSFramework */;
			targetProxy = 38A96EC61CFBA35C00F575B8 /* PBXContainerItemProxy */;
		};
/* End PBXTargetDependency section */

/* Begin XCBuildConfiguration section */
		38A96ECC1CFBA35C00F575B8 /* Debug */ = {
			isa = XCBuildConfiguration;
			buildSettings = {
				ALWAYS_SEARCH_USER_PATHS = NO;
				CLANG_ALLOW_NON_MODULAR_INCLUDES_IN_FRAMEWORK_MODULES = NO;
				CLANG_ANALYZER_NONNULL = YES;
				CLANG_CXX_LANGUAGE_STANDARD = "gnu++0x";
				CLANG_CXX_LIBRARY = "libc++";
				CLANG_ENABLE_MODULES = YES;
				CLANG_ENABLE_OBJC_ARC = YES;
				CLANG_WARN_BOOL_CONVERSION = YES;
				CLANG_WARN_CONSTANT_CONVERSION = YES;
				CLANG_WARN_DIRECT_OBJC_ISA_USAGE = YES_ERROR;
				CLANG_WARN_EMPTY_BODY = YES;
				CLANG_WARN_ENUM_CONVERSION = YES;
				CLANG_WARN_INT_CONVERSION = YES;
				CLANG_WARN_OBJC_ROOT_CLASS = YES_ERROR;
				CLANG_WARN_UNREACHABLE_CODE = YES;
				CLANG_WARN__DUPLICATE_METHOD_MATCH = YES;
				"CODE_SIGN_IDENTITY[sdk=iphoneos*]" = "iPhone Developer";
				COPY_PHASE_STRIP = NO;
				CURRENT_PROJECT_VERSION = 1;
				DEBUG_INFORMATION_FORMAT = dwarf;
				DEFINES_MODULE = YES;
				ENABLE_STRICT_OBJC_MSGSEND = YES;
				ENABLE_TESTABILITY = YES;
				GCC_C_LANGUAGE_STANDARD = gnu99;
				GCC_DYNAMIC_NO_PIC = NO;
				GCC_NO_COMMON_BLOCKS = YES;
				GCC_OPTIMIZATION_LEVEL = 0;
				GCC_PREPROCESSOR_DEFINITIONS = (
					"DEBUG=1",
					"$(inherited)",
				);
				GCC_WARN_64_TO_32_BIT_CONVERSION = YES;
				GCC_WARN_ABOUT_RETURN_TYPE = YES_ERROR;
				GCC_WARN_UNDECLARED_SELECTOR = YES;
				GCC_WARN_UNINITIALIZED_AUTOS = YES_AGGRESSIVE;
				GCC_WARN_UNUSED_FUNCTION = YES;
				GCC_WARN_UNUSED_VARIABLE = YES;
				IPHONEOS_DEPLOYMENT_TARGET = 9.3;
				MTL_ENABLE_DEBUG_INFO = YES;
				ONLY_ACTIVE_ARCH = YES;
				SDKROOT = iphoneos;
				SWIFT_OPTIMIZATION_LEVEL = "-Onone";
				TARGETED_DEVICE_FAMILY = "1,2";
				VERSIONING_SYSTEM = "apple-generic";
				VERSION_INFO_PREFIX = "";
			};
			name = Debug;
		};
		38A96ECD1CFBA35C00F575B8 /* Release */ = {
			isa = XCBuildConfiguration;
			buildSettings = {
				ALWAYS_SEARCH_USER_PATHS = NO;
				CLANG_ALLOW_NON_MODULAR_INCLUDES_IN_FRAMEWORK_MODULES = NO;
				CLANG_ANALYZER_NONNULL = YES;
				CLANG_CXX_LANGUAGE_STANDARD = "gnu++0x";
				CLANG_CXX_LIBRARY = "libc++";
				CLANG_ENABLE_MODULES = YES;
				CLANG_ENABLE_OBJC_ARC = YES;
				CLANG_WARN_BOOL_CONVERSION = YES;
				CLANG_WARN_CONSTANT_CONVERSION = YES;
				CLANG_WARN_DIRECT_OBJC_ISA_USAGE = YES_ERROR;
				CLANG_WARN_EMPTY_BODY = YES;
				CLANG_WARN_ENUM_CONVERSION = YES;
				CLANG_WARN_INT_CONVERSION = YES;
				CLANG_WARN_OBJC_ROOT_CLASS = YES_ERROR;
				CLANG_WARN_UNREACHABLE_CODE = YES;
				CLANG_WARN__DUPLICATE_METHOD_MATCH = YES;
				"CODE_SIGN_IDENTITY[sdk=iphoneos*]" = "iPhone Developer";
				COPY_PHASE_STRIP = NO;
				CURRENT_PROJECT_VERSION = 1;
				DEBUG_INFORMATION_FORMAT = "dwarf-with-dsym";
				DEFINES_MODULE = YES;
				ENABLE_NS_ASSERTIONS = NO;
				ENABLE_STRICT_OBJC_MSGSEND = YES;
				GCC_C_LANGUAGE_STANDARD = gnu99;
				GCC_NO_COMMON_BLOCKS = YES;
				GCC_WARN_64_TO_32_BIT_CONVERSION = YES;
				GCC_WARN_ABOUT_RETURN_TYPE = YES_ERROR;
				GCC_WARN_UNDECLARED_SELECTOR = YES;
				GCC_WARN_UNINITIALIZED_AUTOS = YES_AGGRESSIVE;
				GCC_WARN_UNUSED_FUNCTION = YES;
				GCC_WARN_UNUSED_VARIABLE = YES;
				IPHONEOS_DEPLOYMENT_TARGET = 9.3;
				MTL_ENABLE_DEBUG_INFO = NO;
				SDKROOT = iphoneos;
				TARGETED_DEVICE_FAMILY = "1,2";
				VALIDATE_PRODUCT = YES;
				VERSIONING_SYSTEM = "apple-generic";
				VERSION_INFO_PREFIX = "";
			};
			name = Release;
		};
		38A96ECF1CFBA35C00F575B8 /* Debug */ = {
			isa = XCBuildConfiguration;
			baseConfigurationReference = 894314318BF3B2DCE17BDAEB /* Pods-JKiOSFramework.debug.xcconfig */;
			buildSettings = {
				CLANG_ALLOW_NON_MODULAR_INCLUDES_IN_FRAMEWORK_MODULES = YES;
				CLANG_ENABLE_MODULES = YES;
				DEFINES_MODULE = YES;
				DYLIB_COMPATIBILITY_VERSION = 1;
				DYLIB_CURRENT_VERSION = 1;
				DYLIB_INSTALL_NAME_BASE = "@rpath";
				FRAMEWORK_SEARCH_PATHS = (
					"$(inherited)",
					"$(PROJECT_DIR)/JKiOSFramework",
				);
				INFOPLIST_FILE = JKiOSFramework/Info.plist;
				INSTALL_PATH = "$(LOCAL_LIBRARY_DIR)/Frameworks";
				IPHONEOS_DEPLOYMENT_TARGET = 8.0;
				LD_RUNPATH_SEARCH_PATHS = "$(inherited) @executable_path/Frameworks @loader_path/Frameworks";
				PRODUCT_BUNDLE_IDENTIFIER = com.jayeshKawli.JKiOSFramework;
				PRODUCT_NAME = "$(TARGET_NAME)";
				SKIP_INSTALL = YES;
				SWIFT_OPTIMIZATION_LEVEL = "-Onone";
			};
			name = Debug;
		};
		38A96ED01CFBA35C00F575B8 /* Release */ = {
			isa = XCBuildConfiguration;
			baseConfigurationReference = 816D1D06A2059F6ED3F402F3 /* Pods-JKiOSFramework.release.xcconfig */;
			buildSettings = {
				CLANG_ALLOW_NON_MODULAR_INCLUDES_IN_FRAMEWORK_MODULES = YES;
				CLANG_ENABLE_MODULES = YES;
				DEFINES_MODULE = YES;
				DYLIB_COMPATIBILITY_VERSION = 1;
				DYLIB_CURRENT_VERSION = 1;
				DYLIB_INSTALL_NAME_BASE = "@rpath";
				FRAMEWORK_SEARCH_PATHS = (
					"$(inherited)",
					"$(PROJECT_DIR)/JKiOSFramework",
				);
				INFOPLIST_FILE = JKiOSFramework/Info.plist;
				INSTALL_PATH = "$(LOCAL_LIBRARY_DIR)/Frameworks";
				IPHONEOS_DEPLOYMENT_TARGET = 8.0;
				LD_RUNPATH_SEARCH_PATHS = "$(inherited) @executable_path/Frameworks @loader_path/Frameworks";
				PRODUCT_BUNDLE_IDENTIFIER = com.jayeshKawli.JKiOSFramework;
				PRODUCT_NAME = "$(TARGET_NAME)";
				SKIP_INSTALL = YES;
			};
			name = Release;
		};
		38A96ED21CFBA35C00F575B8 /* Debug */ = {
			isa = XCBuildConfiguration;
			buildSettings = {
				CLANG_ALLOW_NON_MODULAR_INCLUDES_IN_FRAMEWORK_MODULES = YES;
				INFOPLIST_FILE = JKiOSFrameworkTests/Info.plist;
				LD_RUNPATH_SEARCH_PATHS = "$(inherited) @executable_path/Frameworks @loader_path/Frameworks";
				PRODUCT_BUNDLE_IDENTIFIER = com.jayeshKawli.JKiOSFrameworkTests;
				PRODUCT_NAME = "$(TARGET_NAME)";
			};
			name = Debug;
		};
		38A96ED31CFBA35C00F575B8 /* Release */ = {
			isa = XCBuildConfiguration;
			buildSettings = {
				CLANG_ALLOW_NON_MODULAR_INCLUDES_IN_FRAMEWORK_MODULES = YES;
				INFOPLIST_FILE = JKiOSFrameworkTests/Info.plist;
				LD_RUNPATH_SEARCH_PATHS = "$(inherited) @executable_path/Frameworks @loader_path/Frameworks";
				PRODUCT_BUNDLE_IDENTIFIER = com.jayeshKawli.JKiOSFrameworkTests;
				PRODUCT_NAME = "$(TARGET_NAME)";
			};
			name = Release;
		};
/* End XCBuildConfiguration section */

/* Begin XCConfigurationList section */
		38A96EB41CFBA35C00F575B8 /* Build configuration list for PBXProject "JKiOSFramework" */ = {
			isa = XCConfigurationList;
			buildConfigurations = (
				38A96ECC1CFBA35C00F575B8 /* Debug */,
				38A96ECD1CFBA35C00F575B8 /* Release */,
			);
			defaultConfigurationIsVisible = 0;
			defaultConfigurationName = Release;
		};
		38A96ECE1CFBA35C00F575B8 /* Build configuration list for PBXNativeTarget "JKiOSFramework" */ = {
			isa = XCConfigurationList;
			buildConfigurations = (
				38A96ECF1CFBA35C00F575B8 /* Debug */,
				38A96ED01CFBA35C00F575B8 /* Release */,
			);
			defaultConfigurationIsVisible = 0;
			defaultConfigurationName = Release;
		};
		38A96ED11CFBA35C00F575B8 /* Build configuration list for PBXNativeTarget "JKiOSFrameworkTests" */ = {
			isa = XCConfigurationList;
			buildConfigurations = (
				38A96ED21CFBA35C00F575B8 /* Debug */,
				38A96ED31CFBA35C00F575B8 /* Release */,
			);
			defaultConfigurationIsVisible = 0;
			defaultConfigurationName = Release;
		};
/* End XCConfigurationList section */
	};
	rootObject = 38A96EB11CFBA35C00F575B8 /* Project object */;
}
